{
  "version": 4,
  "terraform_version": "1.14.0",
  "serial": 1,
  "lineage": "7e20cfd0-7596-1e47-16af-bbad3d845187",
  "outputs": {},
  "resources": [
    {
      "mode": "managed",
      "type": "yandex_compute_instance",
      "name": "imported_vm",
      "provider": "provider[\"registry.terraform.io/yandex-cloud/yandex\"]",
      "instances": [
        {
          "schema_version": 1,
          "attributes": {
            "allow_recreate": null,
            "allow_stopping_for_update": null,
            "boot_disk": [
              {
                "auto_delete": true,
                "device_name": "fhmimnv38k8licmh1m75",
                "disk_id": "fhmimnv38k8licmh1m75",
                "initialize_params": [
                  {
                    "block_size": 4096,
                    "description": "",
                    "image_id": "fd8kdq6d0p8sij7h5qe3",
                    "kms_key_id": "",
                    "name": "",
                    "size": 10,
                    "snapshot_id": "",
                    "type": "network-hdd"
                  }
                ],
                "mode": "READ_WRITE"
              }
            ],
            "created_at": "2025-11-24T21:56:31Z",
            "description": "",
            "filesystem": [],
            "folder_id": "b1gfj8c3c2rfpss7gco9",
            "fqdn": "fhm3k5tve5do8rhmb9fh.auto.internal",
            "gpu_cluster_id": "",
            "hardware_generation": [
              {
                "generation2_features": [],
                "legacy_features": [
                  {
                    "pci_topology": "PCI_TOPOLOGY_V1"
                  }
                ]
              }
            ],
            "hostname": "",
            "id": "fhm3k5tve5do8rhmb9fh",
            "labels": {},
            "local_disk": [],
            "maintenance_grace_period": "",
            "maintenance_policy": null,
            "metadata": {
              "ssh-keys": "ubuntu:ssh-rsa AAAAB3NzaC1yc2EAAAADAQABAAABAQDb8/ArSmsQyDHgsMHOvVaKUUx0X3L0qdToXhI+p9/3/DjJ+6hhnFZmnnGXz7NAQ3izBEzRaP73KcHFKuEL/u2AshTchw2LEAP+OlSjKfYfPBHpQDrNCrjLwr/Vb4XZ77f10lwhOVQI+Ex63QSB0MwUilLHyZvin2KptvdL5NMtECF2SmTNrwe80VAG03xtw5O8O0EHaXzRgnS6dJxusIi7CLLXpxUUpTSleIOGCHpnXEXkJmiwXW9/FzYfR20OpusfdxQeU+M7ytjTVsbm4jmcnFPCcVTDBF1RD8l2NMlyL39nXTGUrcLYShSNo1bCnlmWWZuXrg/GVtbFf8zCr1B/ lolka@lolka\n"
            },
            "metadata_options": [
              {
                "aws_v1_http_endpoint": 1,
                "aws_v1_http_token": 2,
                "gce_http_endpoint": 1,
                "gce_http_token": 1
              }
            ],
            "name": "public-vm",
            "network_acceleration_type": "standard",
            "network_interface": [
              {
                "dns_record": [],
                "index": 0,
                "ip_address": "10.10.1.33",
                "ipv4": true,
                "ipv6": false,
                "ipv6_address": "",
                "ipv6_dns_record": [],
                "mac_address": "d0:0d:3a:17:bf:71",
                "nat": true,
                "nat_dns_record": [],
                "nat_ip_address": "89.169.150.73",
                "nat_ip_version": "IPV4",
                "security_group_ids": [
                  "enp3tfra98l5pojuma1p"
                ],
                "subnet_id": "e9benkgs002v1cpr4a0b"
              }
            ],
            "placement_policy": [
              {
                "host_affinity_rules": [],
                "placement_group_id": "",
                "placement_group_partition": 0
              }
            ],
            "platform_id": "standard-v2",
            "resources": [
              {
                "core_fraction": 100,
                "cores": 2,
                "gpus": 0,
                "memory": 2
              }
            ],
            "scheduling_policy": [
              {
                "preemptible": false
              }
            ],
            "secondary_disk": [],
            "service_account_id": "",
            "status": "running",
            "timeouts": null,
            "zone": "ru-central1-a"
          },
          "sensitive_attributes": [],
          "identity_schema_version": 0,
          "private": "eyJlMmJmYjczMC1lY2FhLTExZTYtOGY4OC0zNDM2M2JjN2M0YzAiOnsiY3JlYXRlIjozMDAwMDAwMDAwMDAsImRlbGV0ZSI6MzAwMDAwMDAwMDAwLCJ1cGRhdGUiOjMwMDAwMDAwMDAwMH0sInNjaGVtYV92ZXJzaW9uIjoiMSJ9"
        }
      ]
    }
  ],
  "check_results": null
}
