{
  "version": 4,
  "terraform_version": "1.14.0",
  "serial": 8,
  "lineage": "7c42c72f-21ce-cb86-8a60-277f657b0051",
  "outputs": {
    "private_vm_external_ip": {
      "value": "62.84.115.21",
      "type": "string"
    },
    "public_vm_external_ip": {
      "value": "89.169.150.73",
      "type": "string"
    }
  },
  "resources": [
    {
      "mode": "managed",
      "type": "yandex_compute_instance",
      "name": "private_vm",
      "provider": "provider[\"registry.terraform.io/yandex-cloud/yandex\"]",
      "instances": [
        {
          "schema_version": 1,
          "attributes": {
            "allow_recreate": null,
            "allow_stopping_for_update": null,
            "boot_disk": [
              {
                "auto_delete": true,
                "device_name": "fhmo9on5l5eqj73a06r0",
                "disk_id": "fhmo9on5l5eqj73a06r0",
                "initialize_params": [
                  {
                    "block_size": 4096,
                    "description": "",
                    "image_id": "fd8kdq6d0p8sij7h5qe3",
                    "kms_key_id": "",
                    "name": "",
                    "size": 10,
                    "snapshot_id": "",
                    "type": "network-hdd"
                  }
                ],
                "mode": "READ_WRITE"
              }
            ],
            "created_at": "2025-11-24T21:56:31Z",
            "description": "",
            "filesystem": [],
            "folder_id": "b1gfj8c3c2rfpss7gco9",
            "fqdn": "fhmii1dpg11tnd63gdfb.auto.internal",
            "gpu_cluster_id": "",
            "hardware_generation": [
              {
                "generation2_features": [],
                "legacy_features": [
                  {
                    "pci_topology": "PCI_TOPOLOGY_V1"
                  }
                ]
              }
            ],
            "hostname": "",
            "id": "fhmii1dpg11tnd63gdfb",
            "labels": null,
            "local_disk": [],
            "maintenance_grace_period": "",
            "maintenance_policy": null,
            "metadata": {
              "ssh-keys": "ubuntu:ssh-rsa AAAAB3NzaC1yc2EAAAADAQABAAABAQDb8/ArSmsQyDHgsMHOvVaKUUx0X3L0qdToXhI+p9/3/DjJ+6hhnFZmnnGXz7NAQ3izBEzRaP73KcHFKuEL/u2AshTchw2LEAP+OlSjKfYfPBHpQDrNCrjLwr/Vb4XZ77f10lwhOVQI+Ex63QSB0MwUilLHyZvin2KptvdL5NMtECF2SmTNrwe80VAG03xtw5O8O0EHaXzRgnS6dJxusIi7CLLXpxUUpTSleIOGCHpnXEXkJmiwXW9/FzYfR20OpusfdxQeU+M7ytjTVsbm4jmcnFPCcVTDBF1RD8l2NMlyL39nXTGUrcLYShSNo1bCnlmWWZuXrg/GVtbFf8zCr1B/ lolka@lolka\n"
            },
            "metadata_options": [
              {
                "aws_v1_http_endpoint": 1,
                "aws_v1_http_token": 2,
                "gce_http_endpoint": 1,
                "gce_http_token": 1
              }
            ],
            "name": "private-vm",
            "network_acceleration_type": "standard",
            "network_interface": [
              {
                "dns_record": [],
                "index": 0,
                "ip_address": "10.10.2.13",
                "ipv4": true,
                "ipv6": false,
                "ipv6_address": "",
                "ipv6_dns_record": [],
                "mac_address": "d0:0d:12:90:5b:98",
                "nat": true,
                "nat_dns_record": [],
                "nat_ip_address": "62.84.115.21",
                "nat_ip_version": "IPV4",
                "security_group_ids": [
                  "enppqs02096gv4hfrif5"
                ],
                "subnet_id": "e9b59rte3cj7l1b8pfhn"
              }
            ],
            "placement_policy": [
              {
                "host_affinity_rules": [],
                "placement_group_id": "",
                "placement_group_partition": 0
              }
            ],
            "platform_id": "standard-v2",
            "resources": [
              {
                "core_fraction": 100,
                "cores": 2,
                "gpus": 0,
                "memory": 2
              }
            ],
            "scheduling_policy": [
              {
                "preemptible": false
              }
            ],
            "secondary_disk": [],
            "service_account_id": "",
            "status": "running",
            "timeouts": null,
            "zone": "ru-central1-a"
          },
          "sensitive_attributes": [],
          "identity_schema_version": 0,
          "private": "eyJlMmJmYjczMC1lY2FhLTExZTYtOGY4OC0zNDM2M2JjN2M0YzAiOnsiY3JlYXRlIjozMDAwMDAwMDAwMDAsImRlbGV0ZSI6MzAwMDAwMDAwMDAwLCJ1cGRhdGUiOjMwMDAwMDAwMDAwMH0sInNjaGVtYV92ZXJzaW9uIjoiMSJ9",
          "dependencies": [
            "yandex_vpc_network.main_network",
            "yandex_vpc_security_group.private_sg",
            "yandex_vpc_subnet.private_subnet"
          ]
        }
      ]
    },
    {
      "mode": "managed",
      "type": "yandex_compute_instance",
      "name": "public_vm",
      "provider": "provider[\"registry.terraform.io/yandex-cloud/yandex\"]",
      "instances": [
        {
          "schema_version": 1,
          "attributes": {
            "allow_recreate": null,
            "allow_stopping_for_update": null,
            "boot_disk": [
              {
                "auto_delete": true,
                "device_name": "fhmimnv38k8licmh1m75",
                "disk_id": "fhmimnv38k8licmh1m75",
                "initialize_params": [
                  {
                    "block_size": 4096,
                    "description": "",
                    "image_id": "fd8kdq6d0p8sij7h5qe3",
                    "kms_key_id": "",
                    "name": "",
                    "size": 10,
                    "snapshot_id": "",
                    "type": "network-hdd"
                  }
                ],
                "mode": "READ_WRITE"
              }
            ],
            "created_at": "2025-11-24T21:56:31Z",
            "description": "",
            "filesystem": [],
            "folder_id": "b1gfj8c3c2rfpss7gco9",
            "fqdn": "fhm3k5tve5do8rhmb9fh.auto.internal",
            "gpu_cluster_id": "",
            "hardware_generation": [
              {
                "generation2_features": [],
                "legacy_features": [
                  {
                    "pci_topology": "PCI_TOPOLOGY_V1"
                  }
                ]
              }
            ],
            "hostname": "",
            "id": "fhm3k5tve5do8rhmb9fh",
            "labels": null,
            "local_disk": [],
            "maintenance_grace_period": "",
            "maintenance_policy": null,
            "metadata": {
              "ssh-keys": "ubuntu:ssh-rsa AAAAB3NzaC1yc2EAAAADAQABAAABAQDb8/ArSmsQyDHgsMHOvVaKUUx0X3L0qdToXhI+p9/3/DjJ+6hhnFZmnnGXz7NAQ3izBEzRaP73KcHFKuEL/u2AshTchw2LEAP+OlSjKfYfPBHpQDrNCrjLwr/Vb4XZ77f10lwhOVQI+Ex63QSB0MwUilLHyZvin2KptvdL5NMtECF2SmTNrwe80VAG03xtw5O8O0EHaXzRgnS6dJxusIi7CLLXpxUUpTSleIOGCHpnXEXkJmiwXW9/FzYfR20OpusfdxQeU+M7ytjTVsbm4jmcnFPCcVTDBF1RD8l2NMlyL39nXTGUrcLYShSNo1bCnlmWWZuXrg/GVtbFf8zCr1B/ lolka@lolka\n"
            },
            "metadata_options": [
              {
                "aws_v1_http_endpoint": 1,
                "aws_v1_http_token": 2,
                "gce_http_endpoint": 1,
                "gce_http_token": 1
              }
            ],
            "name": "public-vm",
            "network_acceleration_type": "standard",
            "network_interface": [
              {
                "dns_record": [],
                "index": 0,
                "ip_address": "10.10.1.33",
                "ipv4": true,
                "ipv6": false,
                "ipv6_address": "",
                "ipv6_dns_record": [],
                "mac_address": "d0:0d:3a:17:bf:71",
                "nat": true,
                "nat_dns_record": [],
                "nat_ip_address": "89.169.150.73",
                "nat_ip_version": "IPV4",
                "security_group_ids": [
                  "enp3tfra98l5pojuma1p"
                ],
                "subnet_id": "e9benkgs002v1cpr4a0b"
              }
            ],
            "placement_policy": [
              {
                "host_affinity_rules": [],
                "placement_group_id": "",
                "placement_group_partition": 0
              }
            ],
            "platform_id": "standard-v2",
            "resources": [
              {
                "core_fraction": 100,
                "cores": 2,
                "gpus": 0,
                "memory": 2
              }
            ],
            "scheduling_policy": [
              {
                "preemptible": false
              }
            ],
            "secondary_disk": [],
            "service_account_id": "",
            "status": "running",
            "timeouts": null,
            "zone": "ru-central1-a"
          },
          "sensitive_attributes": [],
          "identity_schema_version": 0,
          "private": "eyJlMmJmYjczMC1lY2FhLTExZTYtOGY4OC0zNDM2M2JjN2M0YzAiOnsiY3JlYXRlIjozMDAwMDAwMDAwMDAsImRlbGV0ZSI6MzAwMDAwMDAwMDAwLCJ1cGRhdGUiOjMwMDAwMDAwMDAwMH0sInNjaGVtYV92ZXJzaW9uIjoiMSJ9",
          "dependencies": [
            "yandex_vpc_network.main_network",
            "yandex_vpc_security_group.public_sg",
            "yandex_vpc_subnet.public_subnet"
          ]
        }
      ]
    },
    {
      "mode": "managed",
      "type": "yandex_vpc_network",
      "name": "main_network",
      "provider": "provider[\"registry.terraform.io/yandex-cloud/yandex\"]",
      "instances": [
        {
          "schema_version": 0,
          "attributes": {
            "created_at": "2025-11-24T21:56:19Z",
            "default_security_group_id": "enpcr67liesk5i598q94",
            "description": "Main VPC network",
            "folder_id": "b1gfj8c3c2rfpss7gco9",
            "id": "enpmuc03s9h29c5oevkt",
            "labels": {},
            "name": "main-network",
            "subnet_ids": [],
            "timeouts": null
          },
          "sensitive_attributes": [],
          "identity_schema_version": 0,
          "private": "eyJlMmJmYjczMC1lY2FhLTExZTYtOGY4OC0zNDM2M2JjN2M0YzAiOnsiY3JlYXRlIjo2MDAwMDAwMDAwMCwiZGVsZXRlIjo2MDAwMDAwMDAwMCwidXBkYXRlIjo2MDAwMDAwMDAwMH19"
        }
      ]
    },
    {
      "mode": "managed",
      "type": "yandex_vpc_security_group",
      "name": "private_sg",
      "provider": "provider[\"registry.terraform.io/yandex-cloud/yandex\"]",
      "instances": [
        {
          "schema_version": 0,
          "attributes": {
            "created_at": "2025-11-24T21:56:24Z",
            "description": "Security group for private VM",
            "egress": [
              {
                "description": "Allow all outgoing traffic",
                "from_port": -1,
                "id": "enphc7ac7tsq463r8glu",
                "labels": {},
                "port": -1,
                "predefined_target": "",
                "protocol": "ANY",
                "security_group_id": "",
                "to_port": -1,
                "v4_cidr_blocks": [
                  "0.0.0.0/0"
                ],
                "v6_cidr_blocks": []
              }
            ],
            "folder_id": "b1gfj8c3c2rfpss7gco9",
            "id": "enppqs02096gv4hfrif5",
            "ingress": [
              {
                "description": "Allow SSH",
                "from_port": -1,
                "id": "enpfg765cbujmed8un3b",
                "labels": {},
                "port": 22,
                "predefined_target": "",
                "protocol": "TCP",
                "security_group_id": "",
                "to_port": -1,
                "v4_cidr_blocks": [
                  "0.0.0.0/0"
                ],
                "v6_cidr_blocks": []
              },
              {
                "description": "Allow port 8080",
                "from_port": -1,
                "id": "enp6ak49tpokonakfsga",
                "labels": {},
                "port": 8080,
                "predefined_target": "",
                "protocol": "TCP",
                "security_group_id": "",
                "to_port": -1,
                "v4_cidr_blocks": [
                  "0.0.0.0/0"
                ],
                "v6_cidr_blocks": []
              }
            ],
            "labels": {},
            "name": "private-security-group",
            "network_id": "enpmuc03s9h29c5oevkt",
            "status": "ACTIVE",
            "timeouts": null
          },
          "sensitive_attributes": [],
          "identity_schema_version": 0,
          "private": "eyJlMmJmYjczMC1lY2FhLTExZTYtOGY4OC0zNDM2M2JjN2M0YzAiOnsiY3JlYXRlIjoxODAwMDAwMDAwMDAsImRlbGV0ZSI6MTgwMDAwMDAwMDAwLCJ1cGRhdGUiOjE4MDAwMDAwMDAwMH19",
          "dependencies": [
            "yandex_vpc_network.main_network"
          ]
        }
      ]
    },
    {
      "mode": "managed",
      "type": "yandex_vpc_security_group",
      "name": "public_sg",
      "provider": "provider[\"registry.terraform.io/yandex-cloud/yandex\"]",
      "instances": [
        {
          "schema_version": 0,
          "attributes": {
            "created_at": "2025-11-24T21:56:27Z",
            "description": "Security group for public VM",
            "egress": [
              {
                "description": "Allow all outgoing traffic",
                "from_port": -1,
                "id": "enp37dp0odk6h9aeipkh",
                "labels": {},
                "port": -1,
                "predefined_target": "",
                "protocol": "ANY",
                "security_group_id": "",
                "to_port": -1,
                "v4_cidr_blocks": [
                  "0.0.0.0/0"
                ],
                "v6_cidr_blocks": []
              }
            ],
            "folder_id": "b1gfj8c3c2rfpss7gco9",
            "id": "enp3tfra98l5pojuma1p",
            "ingress": [
              {
                "description": "Allow HTTP",
                "from_port": -1,
                "id": "enpse50qtpuope779p5v",
                "labels": {},
                "port": 80,
                "predefined_target": "",
                "protocol": "TCP",
                "security_group_id": "",
                "to_port": -1,
                "v4_cidr_blocks": [
                  "0.0.0.0/0"
                ],
                "v6_cidr_blocks": []
              },
              {
                "description": "Allow HTTPS",
                "from_port": -1,
                "id": "enp285fr9n8okjplt7qs",
                "labels": {},
                "port": 443,
                "predefined_target": "",
                "protocol": "TCP",
                "security_group_id": "",
                "to_port": -1,
                "v4_cidr_blocks": [
                  "0.0.0.0/0"
                ],
                "v6_cidr_blocks": []
              },
              {
                "description": "Allow SSH",
                "from_port": -1,
                "id": "enporaon30ng9nhk3ds6",
                "labels": {},
                "port": 22,
                "predefined_target": "",
                "protocol": "TCP",
                "security_group_id": "",
                "to_port": -1,
                "v4_cidr_blocks": [
                  "0.0.0.0/0"
                ],
                "v6_cidr_blocks": []
              }
            ],
            "labels": {},
            "name": "public-security-group",
            "network_id": "enpmuc03s9h29c5oevkt",
            "status": "ACTIVE",
            "timeouts": null
          },
          "sensitive_attributes": [],
          "identity_schema_version": 0,
          "private": "eyJlMmJmYjczMC1lY2FhLTExZTYtOGY4OC0zNDM2M2JjN2M0YzAiOnsiY3JlYXRlIjoxODAwMDAwMDAwMDAsImRlbGV0ZSI6MTgwMDAwMDAwMDAwLCJ1cGRhdGUiOjE4MDAwMDAwMDAwMH19",
          "dependencies": [
            "yandex_vpc_network.main_network"
          ]
        }
      ]
    },
    {
      "mode": "managed",
      "type": "yandex_vpc_subnet",
      "name": "private_subnet",
      "provider": "provider[\"registry.terraform.io/yandex-cloud/yandex\"]",
      "instances": [
        {
          "schema_version": 0,
          "attributes": {
            "created_at": "2025-11-24T21:56:23Z",
            "description": "",
            "dhcp_options": [],
            "folder_id": "b1gfj8c3c2rfpss7gco9",
            "id": "e9b59rte3cj7l1b8pfhn",
            "labels": {},
            "name": "private-subnet",
            "network_id": "enpmuc03s9h29c5oevkt",
            "route_table_id": "",
            "timeouts": null,
            "v4_cidr_blocks": [
              "10.10.2.0/24"
            ],
            "v6_cidr_blocks": [],
            "zone": "ru-central1-a"
          },
          "sensitive_attributes": [],
          "identity_schema_version": 0,
          "private": "eyJlMmJmYjczMC1lY2FhLTExZTYtOGY4OC0zNDM2M2JjN2M0YzAiOnsiY3JlYXRlIjoxODAwMDAwMDAwMDAsImRlbGV0ZSI6MTgwMDAwMDAwMDAwLCJ1cGRhdGUiOjE4MDAwMDAwMDAwMH19",
          "dependencies": [
            "yandex_vpc_network.main_network"
          ]
        }
      ]
    },
    {
      "mode": "managed",
      "type": "yandex_vpc_subnet",
      "name": "public_subnet",
      "provider": "provider[\"registry.terraform.io/yandex-cloud/yandex\"]",
      "instances": [
        {
          "schema_version": 0,
          "attributes": {
            "created_at": "2025-11-24T21:56:22Z",
            "description": "",
            "dhcp_options": [],
            "folder_id": "b1gfj8c3c2rfpss7gco9",
            "id": "e9benkgs002v1cpr4a0b",
            "labels": {},
            "name": "public-subnet",
            "network_id": "enpmuc03s9h29c5oevkt",
            "route_table_id": "",
            "timeouts": null,
            "v4_cidr_blocks": [
              "10.10.1.0/24"
            ],
            "v6_cidr_blocks": [],
            "zone": "ru-central1-a"
          },
          "sensitive_attributes": [],
          "identity_schema_version": 0,
          "private": "eyJlMmJmYjczMC1lY2FhLTExZTYtOGY4OC0zNDM2M2JjN2M0YzAiOnsiY3JlYXRlIjoxODAwMDAwMDAwMDAsImRlbGV0ZSI6MTgwMDAwMDAwMDAwLCJ1cGRhdGUiOjE4MDAwMDAwMDAwMH19",
          "dependencies": [
            "yandex_vpc_network.main_network"
          ]
        }
      ]
    }
  ],
  "check_results": null
}
